<?xml version="1.0" encoding="utf-8"?>
<Project ToolsVersion="4.0" xmlns="http://schemas.microsoft.com/developer/msbuild/2003">
  <ItemGroup>
    <ClCompile Include="Utility\Input.cpp">
      <Filter>Engine\Utility</Filter>
    </ClCompile>
    <ClCompile Include="Utility\Timer.cpp">
      <Filter>Engine\Utility</Filter>
    </ClCompile>
    <ClCompile Include="Math\CMatrix4x4.cpp">
      <Filter>Engine\Math</Filter>
    </ClCompile>
    <ClCompile Include="Math\CVector2.cpp">
      <Filter>Engine\Math</Filter>
    </ClCompile>
    <ClCompile Include="Math\CVector3.cpp">
      <Filter>Engine\Math</Filter>
    </ClCompile>
    <ClCompile Include="Utility\GraphicsHelpers.cpp">
      <Filter>Engine\Utility</Filter>
    </ClCompile>
    <ClCompile Include="Camera.cpp">
      <Filter>Engine</Filter>
    </ClCompile>
    <ClCompile Include="Direct3DSetup.cpp">
      <Filter>Engine</Filter>
    </ClCompile>
    <ClCompile Include="Main.cpp">
      <Filter>Engine</Filter>
    </ClCompile>
    <ClCompile Include="Mesh.cpp">
      <Filter>Engine</Filter>
    </ClCompile>
    <ClCompile Include="Scene.cpp">
      <Filter>Engine</Filter>
    </ClCompile>
    <ClCompile Include="Shader.cpp">
      <Filter>Engine</Filter>
    </ClCompile>
    <ClCompile Include="State.cpp">
      <Filter>Engine</Filter>
    </ClCompile>
    <ClCompile Include="Engine.cpp">
      <Filter>Engine</Filter>
    </ClCompile>
    <ClCompile Include="tinyxml2\tinyxml2.cpp">
      <Filter>Engine\tinyxml2</Filter>
    </ClCompile>
    <ClCompile Include="GameObject.cpp">
      <Filter>Engine\Objects</Filter>
    </ClCompile>
    <ClCompile Include="GameObjectManager.cpp">
      <Filter>Engine\Objects</Filter>
    </ClCompile>
    <ClCompile Include="Plant.cpp">
      <Filter>Engine\Objects</Filter>
    </ClCompile>
    <ClCompile Include="External\imgui\imgui.cpp">
      <Filter>Engine\GUI</Filter>
    </ClCompile>
    <ClCompile Include="External\imgui\imgui_draw.cpp">
      <Filter>Engine\GUI</Filter>
    </ClCompile>
    <ClCompile Include="External\imgui\imgui_impl_dx11.cpp">
      <Filter>Engine\GUI</Filter>
    </ClCompile>
    <ClCompile Include="External\imgui\imgui_impl_win32.cpp">
      <Filter>Engine\GUI</Filter>
    </ClCompile>
    <ClCompile Include="External\imgui\imgui_tables.cpp">
      <Filter>Engine\GUI</Filter>
    </ClCompile>
    <ClCompile Include="External\imgui\imgui_widgets.cpp">
      <Filter>Engine\GUI</Filter>
    </ClCompile>
    <ClCompile Include="Material.cpp">
      <Filter>Engine\Objects</Filter>
    </ClCompile>
    <ClCompile Include="DirLight.cpp">
      <Filter>Engine\Objects\Lights</Filter>
    </ClCompile>
    <ClCompile Include="Light.cpp">
      <Filter>Engine\Objects\Lights</Filter>
    </ClCompile>
    <ClCompile Include="SpotLight.cpp">
      <Filter>Engine\Objects\Lights</Filter>
    </ClCompile>
    <ClCompile Include="PointLight.cpp">
      <Filter>Engine\Objects\Lights</Filter>
    </ClCompile>
    <ClCompile Include="Gui.cpp">
      <Filter>Engine</Filter>
    </ClCompile>
    <ClCompile Include="LevelImporter.cpp">
      <Filter>Engine</Filter>
    </ClCompile>
  </ItemGroup>
  <ItemGroup>
    <ClInclude Include="Utility\ColourRGBA.h">
      <Filter>Engine\Utility</Filter>
    </ClInclude>
    <ClInclude Include="Utility\Input.h">
      <Filter>Engine\Utility</Filter>
    </ClInclude>
    <ClInclude Include="Utility\Timer.h">
      <Filter>Engine\Utility</Filter>
    </ClInclude>
    <ClInclude Include="Math\CMatrix4x4.h">
      <Filter>Engine\Math</Filter>
    </ClInclude>
    <ClInclude Include="Math\CVector2.h">
      <Filter>Engine\Math</Filter>
    </ClInclude>
    <ClInclude Include="Math\CVector3.h">
      <Filter>Engine\Math</Filter>
    </ClInclude>
    <ClInclude Include="Math\MathHelpers.h">
      <Filter>Engine\Math</Filter>
    </ClInclude>
    <ClInclude Include="Utility\GraphicsHelpers.h">
      <Filter>Engine\Utility</Filter>
    </ClInclude>
    <ClInclude Include="Camera.h">
      <Filter>Engine</Filter>
    </ClInclude>
    <ClInclude Include="Common.h">
      <Filter>Engine</Filter>
    </ClInclude>
    <ClInclude Include="Direct3DSetup.h">
      <Filter>Engine</Filter>
    </ClInclude>
    <ClInclude Include="Mesh.h">
      <Filter>Engine</Filter>
    </ClInclude>
    <ClInclude Include="Scene.h">
      <Filter>Engine</Filter>
    </ClInclude>
    <ClInclude Include="Shader.h">
      <Filter>Engine</Filter>
    </ClInclude>
    <ClInclude Include="State.h">
      <Filter>Engine</Filter>
    </ClInclude>
    <ClInclude Include="Engine.h">
      <Filter>Engine</Filter>
    </ClInclude>
    <ClInclude Include="tinyxml2\tinyxml2.h">
      <Filter>Engine\tinyxml2</Filter>
    </ClInclude>
    <ClInclude Include="GameObject.h">
      <Filter>Engine\Objects</Filter>
    </ClInclude>
    <ClInclude Include="GameObjectManager.h">
      <Filter>Engine\Objects</Filter>
    </ClInclude>
    <ClInclude Include="Sky.h">
      <Filter>Engine\Objects</Filter>
    </ClInclude>
    <ClInclude Include="ParticleEmitter.h">
      <Filter>Engine\Objects</Filter>
    </ClInclude>
    <ClInclude Include="Particle.h">
      <Filter>Engine\Objects</Filter>
    </ClInclude>
    <ClInclude Include="Plant.h">
      <Filter>Engine\Objects</Filter>
    </ClInclude>
    <ClInclude Include="External\imgui\imconfig.h">
      <Filter>Engine\GUI</Filter>
    </ClInclude>
    <ClInclude Include="External\imgui\imgui.h">
      <Filter>Engine\GUI</Filter>
    </ClInclude>
    <ClInclude Include="External\imgui\imgui_impl_dx11.h">
      <Filter>Engine\GUI</Filter>
    </ClInclude>
    <ClInclude Include="External\imgui\imgui_impl_win32.h">
      <Filter>Engine\GUI</Filter>
    </ClInclude>
    <ClInclude Include="External\imgui\imgui_internal.h">
      <Filter>Engine\GUI</Filter>
    </ClInclude>
    <ClInclude Include="External\imgui\imstb_rectpack.h">
      <Filter>Engine\GUI</Filter>
    </ClInclude>
    <ClInclude Include="External\imgui\imstb_textedit.h">
      <Filter>Engine\GUI</Filter>
    </ClInclude>
    <ClInclude Include="External\imgui\imstb_truetype.h">
      <Filter>Engine\GUI</Filter>
    </ClInclude>
    <ClInclude Include="External\imgui\stb_image.h">
      <Filter>Engine\GUI</Filter>
    </ClInclude>
    <ClInclude Include="Material.h">
      <Filter>Engine\Objects</Filter>
    </ClInclude>
    <ClInclude Include="DirLight.h">
      <Filter>Engine\Objects\Lights</Filter>
    </ClInclude>
    <ClInclude Include="Light.h">
      <Filter>Engine\Objects\Lights</Filter>
    </ClInclude>
    <ClInclude Include="SpotLight.h">
      <Filter>Engine\Objects\Lights</Filter>
    </ClInclude>
    <ClInclude Include="PointLight.h">
      <Filter>Engine\Objects\Lights</Filter>
    </ClInclude>
    <ClInclude Include="Gui.h">
      <Filter>Engine</Filter>
    </ClInclude>
    <ClInclude Include="LevelImporter.h">
      <Filter>Engine</Filter>
    </ClInclude>
  </ItemGroup>
  <ItemGroup>
    <Filter Include="Engine">
      <UniqueIdentifier>{496e2a74-d04d-4f73-b7cf-d0439d961ae0}</UniqueIdentifier>
    </Filter>
    <Filter Include="Engine\Shaders">
      <UniqueIdentifier>{1d198607-cf52-46a9-8994-554d241d97a0}</UniqueIdentifier>
    </Filter>
    <Filter Include="Engine\Math">
      <UniqueIdentifier>{739716ac-bd96-4e4c-b3a2-61c7fdfdea4e}</UniqueIdentifier>
    </Filter>
    <Filter Include="Engine\Utility">
      <UniqueIdentifier>{3b75a466-1b3f-44db-90a2-73a9bfc56583}</UniqueIdentifier>
    </Filter>
    <Filter Include="Engine\tinyxml2">
      <UniqueIdentifier>{428e319b-0be7-46fa-831f-8743c20263dc}</UniqueIdentifier>
    </Filter>
    <Filter Include="Engine\Objects">
      <UniqueIdentifier>{5be367fb-be94-4471-8851-8c7b470581b0}</UniqueIdentifier>
    </Filter>
    <Filter Include="Engine\GUI">
      <UniqueIdentifier>{8008c174-8775-4f81-9def-efa80ca57d99}</UniqueIdentifier>
    </Filter>
    <Filter Include="Engine\Objects\Lights">
      <UniqueIdentifier>{91ceb4a8-e3bd-4b14-a123-0675e77474ac}</UniqueIdentifier>
    </Filter>
  </ItemGroup>
  <ItemGroup>
    <Xml Include="Scene1.xml" />
  </ItemGroup>
  <ItemGroup>
    <FxCompile Include="Shaders\BasicTransform_vs.hlsl">
      <Filter>Engine\Shaders</Filter>
    </FxCompile>
    <FxCompile Include="Shaders\PixelLighting_ps.hlsl">
      <Filter>Engine\Shaders</Filter>
    </FxCompile>
    <FxCompile Include="Shaders\PixelLighting_vs.hlsl">
      <Filter>Engine\Shaders</Filter>
    </FxCompile>
    <FxCompile Include="Shaders\TintedTexture_ps.hlsl">
      <Filter>Engine\Shaders</Filter>
    </FxCompile>
    <FxCompile Include="Shaders\PBR_ps.hlsl">
      <Filter>Engine\Shaders</Filter>
    </FxCompile>
    <FxCompile Include="Shaders\PBR_vs.hlsl">
      <Filter>Engine\Shaders</Filter>
    </FxCompile>
    <FxCompile Include="Shaders\DepthOnly_ps.hlsl">
      <Filter>Engine\Shaders</Filter>
    </FxCompile>
    <FxCompile Include="Shaders\PBRDepthOnly_ps.hlsl">
      <Filter>Engine\Shaders</Filter>
    </FxCompile>
  </ItemGroup>
  <ItemGroup>
    <None Include="Shaders\Common.hlsli">
      <Filter>Engine\Shaders</Filter>
    </None>
  </ItemGroup>
</Project>